// !$*UTF8*$!
{
	archiveVersion = 1;
	classes = {
	};
	objectVersion = 46;
	objects = {

/* Begin PBXBuildFile section */
		8D5040091DEC461400E0B731 /* workshop_protocols.framework in Frameworks */ = {isa = PBXBuildFile; fileRef = 8D503FFF1DEC461300E0B731 /* workshop_protocols.framework */; };
		8D5040101DEC461400E0B731 /* workshop_protocols.h in Headers */ = {isa = PBXBuildFile; fileRef = 8D5040021DEC461300E0B731 /* workshop_protocols.h */; settings = {ATTRIBUTES = (Public, ); }; };
		8D50401A1DEC48A800E0B731 /* EditDistance.swift in Sources */ = {isa = PBXBuildFile; fileRef = 8D5040191DEC48A800E0B731 /* EditDistance.swift */; };
		8D50401C1DEC4FF800E0B731 /* EditDistanceTests.swift in Sources */ = {isa = PBXBuildFile; fileRef = 8D50401B1DEC4FF800E0B731 /* EditDistanceTests.swift */; };
/* End PBXBuildFile section */

/* Begin PBXContainerItemProxy section */
		8D50400A1DEC461400E0B731 /* PBXContainerItemProxy */ = {
			isa = PBXContainerItemProxy;
			containerPortal = 8D503FF61DEC461300E0B731 /* Project object */;
			proxyType = 1;
			remoteGlobalIDString = 8D503FFE1DEC461300E0B731;
			remoteInfo = workshop_protocols;
		};
/* End PBXContainerItemProxy section */

/* Begin PBXFileReference section */
		8D503FFF1DEC461300E0B731 /* workshop_protocols.framework */ = {isa = PBXFileReference; explicitFileType = wrapper.framework; includeInIndex = 0; path = workshop_protocols.framework; sourceTree = BUILT_PRODUCTS_DIR; };
		8D5040021DEC461300E0B731 /* workshop_protocols.h */ = {isa = PBXFileReference; lastKnownFileType = sourcecode.c.h; path = workshop_protocols.h; sourceTree = "<group>"; };
		8D5040031DEC461300E0B731 /* Info.plist */ = {isa = PBXFileReference; lastKnownFileType = text.plist.xml; path = Info.plist; sourceTree = "<group>"; };
		8D5040081DEC461400E0B731 /* workshop_protocolsTests.xctest */ = {isa = PBXFileReference; explicitFileType = wrapper.cfbundle; includeInIndex = 0; path = workshop_protocolsTests.xctest; sourceTree = BUILT_PRODUCTS_DIR; };
		8D50400F1DEC461400E0B731 /* Info.plist */ = {isa = PBXFileReference; lastKnownFileType = text.plist.xml; path = Info.plist; sourceTree = "<group>"; };
		8D5040191DEC48A800E0B731 /* EditDistance.swift */ = {isa = PBXFileReference; fileEncoding = 4; lastKnownFileType = sourcecode.swift; path = EditDistance.swift; sourceTree = "<group>"; };
		8D50401B1DEC4FF800E0B731 /* EditDistanceTests.swift */ = {isa = PBXFileReference; fileEncoding = 4; lastKnownFileType = sourcecode.swift; path = EditDistanceTests.swift; sourceTree = "<group>"; };
/* End PBXFileReference section */

/* Begin PBXFrameworksBuildPhase section */
		8D503FFB1DEC461300E0B731 /* Frameworks */ = {
			isa = PBXFrameworksBuildPhase;
			buildActionMask = 2147483647;
			files = (
			);
			runOnlyForDeploymentPostprocessing = 0;
		};
		8D5040051DEC461400E0B731 /* Frameworks */ = {
			isa = PBXFrameworksBuildPhase;
			buildActionMask = 2147483647;
			files = (
				8D5040091DEC461400E0B731 /* workshop_protocols.framework in Frameworks */,
			);
			runOnlyForDeploymentPostprocessing = 0;
		};
/* End PBXFrameworksBuildPhase section */

/* Begin PBXGroup section */
		8D503FF51DEC461300E0B731 = {
			isa = PBXGroup;
			children = (
				8D5040011DEC461300E0B731 /* workshop_protocols */,
				8D50400C1DEC461400E0B731 /* workshop_protocolsTests */,
				8D5040001DEC461300E0B731 /* Products */,
			);
			sourceTree = "<group>";
		};
		8D5040001DEC461300E0B731 /* Products */ = {
			isa = PBXGroup;
			children = (
				8D503FFF1DEC461300E0B731 /* workshop_protocols.framework */,
				8D5040081DEC461400E0B731 /* workshop_protocolsTests.xctest */,
			);
			name = Products;
			sourceTree = "<group>";
		};
		8D5040011DEC461300E0B731 /* workshop_protocols */ = {
			isa = PBXGroup;
			children = (
				8D5040021DEC461300E0B731 /* workshop_protocols.h */,
				8D5040191DEC48A800E0B731 /* EditDistance.swift */,
				8D5040031DEC461300E0B731 /* Info.plist */,
			);
			path = workshop_protocols;
			sourceTree = "<group>";
		};
		8D50400C1DEC461400E0B731 /* workshop_protocolsTests */ = {
			isa = PBXGroup;
			children = (
				8D50401B1DEC4FF800E0B731 /* EditDistanceTests.swift */,
				8D50400F1DEC461400E0B731 /* Info.plist */,
			);
			path = workshop_protocolsTests;
			sourceTree = "<group>";
		};
/* End PBXGroup section */

/* Begin PBXHeadersBuildPhase section */
		8D503FFC1DEC461300E0B731 /* Headers */ = {
			isa = PBXHeadersBuildPhase;
			buildActionMask = 2147483647;
			files = (
				8D5040101DEC461400E0B731 /* workshop_protocols.h in Headers */,
			);
			runOnlyForDeploymentPostprocessing = 0;
		};
/* End PBXHeadersBuildPhase section */

/* Begin PBXNativeTarget section */
		8D503FFE1DEC461300E0B731 /* workshop_protocols */ = {
			isa = PBXNativeTarget;
			buildConfigurationList = 8D5040131DEC461400E0B731 /* Build configuration list for PBXNativeTarget "workshop_protocols" */;
			buildPhases = (
				8D503FFA1DEC461300E0B731 /* Sources */,
				8D503FFB1DEC461300E0B731 /* Frameworks */,
				8D503FFC1DEC461300E0B731 /* Headers */,
				8D503FFD1DEC461300E0B731 /* Resources */,
			);
			buildRules = (
			);
			dependencies = (
			);
			name = workshop_protocols;
			productName = workshop_protocols;
			productReference = 8D503FFF1DEC461300E0B731 /* workshop_protocols.framework */;
			productType = "com.apple.product-type.framework";
		};
		8D5040071DEC461400E0B731 /* workshop_protocolsTests */ = {
			isa = PBXNativeTarget;
			buildConfigurationList = 8D5040161DEC461400E0B731 /* Build configuration list for PBXNativeTarget "workshop_protocolsTests" */;
			buildPhases = (
				8D5040041DEC461400E0B731 /* Sources */,
				8D5040051DEC461400E0B731 /* Frameworks */,
				8D5040061DEC461400E0B731 /* Resources */,
			);
			buildRules = (
			);
			dependencies = (
				8D50400B1DEC461400E0B731 /* PBXTargetDependency */,
			);
			name = workshop_protocolsTests;
			productName = workshop_protocolsTests;
			productReference = 8D5040081DEC461400E0B731 /* workshop_protocolsTests.xctest */;
			productType = "com.apple.product-type.bundle.unit-test";
		};
/* End PBXNativeTarget section */

/* Begin PBXProject section */
		8D503FF61DEC461300E0B731 /* Project object */ = {
			isa = PBXProject;
			attributes = {
				LastSwiftUpdateCheck = 0800;
				LastUpgradeCheck = 0800;
				ORGANIZATIONNAME = Napptilus;
				TargetAttributes = {
					8D503FFE1DEC461300E0B731 = {
						CreatedOnToolsVersion = 8.0;
						LastSwiftMigration = 0800;
						ProvisioningStyle = Automatic;
					};
					8D5040071DEC461400E0B731 = {
						CreatedOnToolsVersion = 8.0;
						ProvisioningStyle = Automatic;
					};
				};
			};
			buildConfigurationList = 8D503FF91DEC461300E0B731 /* Build configuration list for PBXProject "workshop_protocols" */;
			compatibilityVersion = "Xcode 3.2";
			developmentRegion = English;
			hasScannedForEncodings = 0;
			knownRegions = (
				en,
			);
			mainGroup = 8D503FF51DEC461300E0B731;
			productRefGroup = 8D5040001DEC461300E0B731 /* Products */;
			projectDirPath = "";
			projectRoot = "";
			targets = (
				8D503FFE1DEC461300E0B731 /* workshop_protocols */,
				8D5040071DEC461400E0B731 /* workshop_protocolsTests */,
			);
		};
/* End PBXProject section */

/* Begin PBXResourcesBuildPhase section */
		8D503FFD1DEC461300E0B731 /* Resources */ = {
			isa = PBXResourcesBuildPhase;
			buildActionMask = 2147483647;
			files = (
			);
			runOnlyForDeploymentPostprocessing = 0;
		};
		8D5040061DEC461400E0B731 /* Resources */ = {
			isa = PBXResourcesBuildPhase;
			buildActionMask = 2147483647;
			files = (
			);
			runOnlyForDeploymentPostprocessing = 0;
		};
/* End PBXResourcesBuildPhase section */

/* Begin PBXSourcesBuildPhase section */
		8D503FFA1DEC461300E0B731 /* Sources */ = {
			isa = PBXSourcesBuildPhase;
			buildActionMask = 2147483647;
			files = (
				8D50401A1DEC48A800E0B731 /* EditDistance.swift in Sources */,
			);
			runOnlyForDeploymentPostprocessing = 0;
		};
		8D5040041DEC461400E0B731 /* Sources */ = {
			isa = PBXSourcesBuildPhase;
			buildActionMask = 2147483647;
			files = (
				8D50401C1DEC4FF800E0B731 /* EditDistanceTests.swift in Sources */,
			);
			runOnlyForDeploymentPostprocessing = 0;
		};
/* End PBXSourcesBuildPhase section */

/* Begin PBXTargetDependency section */
		8D50400B1DEC461400E0B731 /* PBXTargetDependency */ = {
			isa = PBXTargetDependency;
			target = 8D503FFE1DEC461300E0B731 /* workshop_protocols */;
			targetProxy = 8D50400A1DEC461400E0B731 /* PBXContainerItemProxy */;
		};
/* End PBXTargetDependency section */

/* Begin XCBuildConfiguration section */
		8D5040111DEC461400E0B731 /* Debug */ = {
			isa = XCBuildConfiguration;
			buildSettings = {
				ALWAYS_SEARCH_USER_PATHS = NO;
				CLANG_ANALYZER_NONNULL = YES;
				CLANG_CXX_LANGUAGE_STANDARD = "gnu++0x";
				CLANG_CXX_LIBRARY = "libc++";
				CLANG_ENABLE_MODULES = YES;
				CLANG_ENABLE_OBJC_ARC = YES;
				CLANG_WARN_BOOL_CONVERSION = YES;
				CLANG_WARN_CONSTANT_CONVERSION = YES;
				CLANG_WARN_DIRECT_OBJC_ISA_USAGE = YES_ERROR;
				CLANG_WARN_DOCUMENTATION_COMMENTS = YES;
				CLANG_WARN_EMPTY_BODY = YES;
				CLANG_WARN_ENUM_CONVERSION = YES;
				CLANG_WARN_INFINITE_RECURSION = YES;
				CLANG_WARN_INT_CONVERSION = YES;
				CLANG_WARN_OBJC_ROOT_CLASS = YES_ERROR;
				CLANG_WARN_SUSPICIOUS_MOVES = YES;
				CLANG_WARN_UNREACHABLE_CODE = YES;
				CLANG_WARN__DUPLICATE_METHOD_MATCH = YES;
				"CODE_SIGN_IDENTITY[sdk=iphoneos*]" = "iPhone Developer";
				COPY_PHASE_STRIP = NO;
				CURRENT_PROJECT_VERSION = 1;
				DEBUG_INFORMATION_FORMAT = dwarf;
				ENABLE_STRICT_OBJC_MSGSEND = YES;
				ENABLE_TESTABILITY = YES;
				GCC_C_LANGUAGE_STANDARD = gnu99;
				GCC_DYNAMIC_NO_PIC = NO;
				GCC_NO_COMMON_BLOCKS = YES;
				GCC_OPTIMIZATION_LEVEL = 0;
				GCC_PREPROCESSOR_DEFINITIONS = (
					"DEBUG=1",
					"$(inherited)",
				);
				GCC_WARN_64_TO_32_BIT_CONVERSION = YES;
				GCC_WARN_ABOUT_RETURN_TYPE = YES_ERROR;
				GCC_WARN_UNDECLARED_SELECTOR = YES;
				GCC_WARN_UNINITIALIZED_AUTOS = YES_AGGRESSIVE;
				GCC_WARN_UNUSED_FUNCTION = YES;
				GCC_WARN_UNUSED_VARIABLE = YES;
				IPHONEOS_DEPLOYMENT_TARGET = 10.0;
				MTL_ENABLE_DEBUG_INFO = YES;
				ONLY_ACTIVE_ARCH = YES;
				SDKROOT = iphoneos;
				SWIFT_ACTIVE_COMPILATION_CONDITIONS = DEBUG;
				SWIFT_OPTIMIZATION_LEVEL = "-Onone";
				TARGETED_DEVICE_FAMILY = "1,2";
				VERSIONING_SYSTEM = "apple-generic";
				VERSION_INFO_PREFIX = "";
			};
			name = Debug;
		};
		8D5040121DEC461400E0B731 /* Release */ = {
			isa = XCBuildConfiguration;
			buildSettings = {
				ALWAYS_SEARCH_USER_PATHS = NO;
				CLANG_ANALYZER_NONNULL = YES;
				CLANG_CXX_LANGUAGE_STANDARD = "gnu++0x";
				CLANG_CXX_LIBRARY = "libc++";
				CLANG_ENABLE_MODULES = YES;
				CLANG_ENABLE_OBJC_ARC = YES;
				CLANG_WARN_BOOL_CONVERSION = YES;
				CLANG_WARN_CONSTANT_CONVERSION = YES;
				CLANG_WARN_DIRECT_OBJC_ISA_USAGE = YES_ERROR;
				CLANG_WARN_DOCUMENTATION_COMMENTS = YES;
				CLANG_WARN_EMPTY_BODY = YES;
				CLANG_WARN_ENUM_CONVERSION = YES;
				CLANG_WARN_INFINITE_RECURSION = YES;
				CLANG_WARN_INT_CONVERSION = YES;
				CLANG_WARN_OBJC_ROOT_CLASS = YES_ERROR;
				CLANG_WARN_SUSPICIOUS_MOVES = YES;
				CLANG_WARN_UNREACHABLE_CODE = YES;
				CLANG_WARN__DUPLICATE_METHOD_MATCH = YES;
				"CODE_SIGN_IDENTITY[sdk=iphoneos*]" = "iPhone Developer";
				COPY_PHASE_STRIP = NO;
				CURRENT_PROJECT_VERSION = 1;
				DEBUG_INFORMATION_FORMAT = "dwarf-with-dsym";
				ENABLE_NS_ASSERTIONS = NO;
				ENABLE_STRICT_OBJC_MSGSEND = YES;
				GCC_C_LANGUAGE_STANDARD = gnu99;
				GCC_NO_COMMON_BLOCKS = YES;
				GCC_WARN_64_TO_32_BIT_CONVERSION = YES;
				GCC_WARN_ABOUT_RETURN_TYPE = YES_ERROR;
				GCC_WARN_UNDECLARED_SELECTOR = YES;
				GCC_WARN_UNINITIALIZED_AUTOS = YES_AGGRESSIVE;
				GCC_WARN_UNUSED_FUNCTION = YES;
				GCC_WARN_UNUSED_VARIABLE = YES;
				IPHONEOS_DEPLOYMENT_TARGET = 10.0;
				MTL_ENABLE_DEBUG_INFO = NO;
				SDKROOT = iphoneos;
				SWIFT_OPTIMIZATION_LEVEL = "-Owholemodule";
				TARGETED_DEVICE_FAMILY = "1,2";
				VALIDATE_PRODUCT = YES;
				VERSIONING_SYSTEM = "apple-generic";
				VERSION_INFO_PREFIX = "";
			};
			name = Release;
		};
		8D5040141DEC461400E0B731 /* Debug */ = {
			isa = XCBuildConfiguration;
			buildSettings = {
				CLANG_ENABLE_MODULES = YES;
				CODE_SIGN_IDENTITY = "";
				DEFINES_MODULE = YES;
				DYLIB_COMPATIBILITY_VERSION = 1;
				DYLIB_CURRENT_VERSION = 1;
				DYLIB_INSTALL_NAME_BASE = "@rpath";
				INFOPLIST_FILE = workshop_protocols/Info.plist;
				INSTALL_PATH = "$(LOCAL_LIBRARY_DIR)/Frameworks";
				LD_RUNPATH_SEARCH_PATHS = "$(inherited) @executable_path/Frameworks @loader_path/Frameworks";
				PRODUCT_BUNDLE_IDENTIFIER = "Napptilus.workshop-protocols";
				PRODUCT_NAME = "$(TARGET_NAME)";
				SKIP_INSTALL = YES;
				SWIFT_OPTIMIZATION_LEVEL = "-Onone";
				SWIFT_VERSION = 3.0;
			};
			name = Debug;
		};
		8D5040151DEC461400E0B731 /* Release */ = {
			isa = XCBuildConfiguration;
			buildSettings = {
				CLANG_ENABLE_MODULES = YES;
				CODE_SIGN_IDENTITY = "";
				DEFINES_MODULE = YES;
				DYLIB_COMPATIBILITY_VERSION = 1;
				DYLIB_CURRENT_VERSION = 1;
				DYLIB_INSTALL_NAME_BASE = "@rpath";
				INFOPLIST_FILE = workshop_protocols/Info.plist;
				INSTALL_PATH = "$(LOCAL_LIBRARY_DIR)/Frameworks";
				LD_RUNPATH_SEARCH_PATHS = "$(inherited) @executable_path/Frameworks @loader_path/Frameworks";
				PRODUCT_BUNDLE_IDENTIFIER = "Napptilus.workshop-protocols";
				PRODUCT_NAME = "$(TARGET_NAME)";
				SKIP_INSTALL = YES;
				SWIFT_VERSION = 3.0;
			};
			name = Release;
		};
		8D5040171DEC461400E0B731 /* Debug */ = {
			isa = XCBuildConfiguration;
			buildSettings = {
				ALWAYS_EMBED_SWIFT_STANDARD_LIBRARIES = YES;
				INFOPLIST_FILE = workshop_protocolsTests/Info.plist;
				LD_RUNPATH_SEARCH_PATHS = "$(inherited) @executable_path/Frameworks @loader_path/Frameworks";
				PRODUCT_BUNDLE_IDENTIFIER = "Napptilus.workshop-protocolsTests";
				PRODUCT_NAME = "$(TARGET_NAME)";
				SWIFT_VERSION = 3.0;
			};
			name = Debug;
		};
		8D5040181DEC461400E0B731 /* Release */ = {
			isa = XCBuildConfiguration;
			buildSettings = {
				ALWAYS_EMBED_SWIFT_STANDARD_LIBRARIES = YES;
				INFOPLIST_FILE = workshop_protocolsTests/Info.plist;
				LD_RUNPATH_SEARCH_PATHS = "$(inherited) @executable_path/Frameworks @loader_path/Frameworks";
				PRODUCT_BUNDLE_IDENTIFIER = "Napptilus.workshop-protocolsTests";
				PRODUCT_NAME = "$(TARGET_NAME)";
				SWIFT_VERSION = 3.0;
			};
			name = Release;
		};
/* End XCBuildConfiguration section */

/* Begin XCConfigurationList section */
		8D503FF91DEC461300E0B731 /* Build configuration list for PBXProject "workshop_protocols" */ = {
			isa = XCConfigurationList;
			buildConfigurations = (
				8D5040111DEC461400E0B731 /* Debug */,
				8D5040121DEC461400E0B731 /* Release */,
			);
			defaultConfigurationIsVisible = 0;
			defaultConfigurationName = Release;
		};
		8D5040131DEC461400E0B731 /* Build configuration list for PBXNativeTarget "workshop_protocols" */ = {
			isa = XCConfigurationList;
			buildConfigurations = (
				8D5040141DEC461400E0B731 /* Debug */,
				8D5040151DEC461400E0B731 /* Release */,
			);
			defaultConfigurationIsVisible = 0;
		};
		8D5040161DEC461400E0B731 /* Build configuration list for PBXNativeTarget "workshop_protocolsTests" */ = {
			isa = XCConfigurationList;
			buildConfigurations = (
				8D5040171DEC461400E0B731 /* Debug */,
				8D5040181DEC461400E0B731 /* Release */,
			);
			defaultConfigurationIsVisible = 0;
		};
/* End XCConfigurationList section */
	};
	rootObject = 8D503FF61DEC461300E0B731 /* Project object */;
}
